
Microsoft Visual Studio Solution File, Format Version 12.00
# Visual Studio Version 17
VisualStudioVersion = 17.5.33627.172
MinimumVisualStudioVersion = 10.0.40219.1
Project("{8BC9CEB8-8B4A-11D0-8D11-00A0C91BC942}") = "PG3_git", "PG3_git.vcxproj", "{5DA05B74-9466-4F0B-B1D4-A10590EC7EED}"
EndProject
Global
	GlobalSection(SolutionConfigurationPlatforms) = preSolution
		Debug|x64 = Debug|x64
		Debug|x86 = Debug|x86
		Release|x64 = Release|x64
		Release|x86 = Release|x86
	EndGlobalSection
	GlobalSection(ProjectConfigurationPlatforms) = postSolution
		{5DA05B74-9466-4F0B-B1D4-A10590EC7EED}.Debug|x64.ActiveCfg = Debug|x64
		{5DA05B74-9466-4F0B-B1D4-A10590EC7EED}.Debug|x64.Build.0 = Debug|x64
		{5DA05B74-9466-4F0B-B1D4-A10590EC7EED}.Debug|x86.ActiveCfg = Debug|Win32
		{5DA05B74-9466-4F0B-B1D4-A10590EC7EED}.Debug|x86.Build.0 = Debug|Win32
		{5DA05B74-9466-4F0B-B1D4-A10590EC7EED}.Release|x64.ActiveCfg = Release|x64
		{5DA05B74-9466-4F0B-B1D4-A10590EC7EED}.Release|x64.Build.0 = Release|x64
		{5DA05B74-9466-4F0B-B1D4-A10590EC7EED}.Release|x86.ActiveCfg = Release|Win32
		{5DA05B74-9466-4F0B-B1D4-A10590EC7EED}.Release|x86.Build.0 = Release|Win32
	EndGlobalSection
	GlobalSection(SolutionProperties) = preSolution
		HideSolutionNode = FALSE
	EndGlobalSection
	GlobalSection(ExtensibilityGlobals) = postSolution
		SolutionGuid = {B32DE378-4A37-4985-975C-F338DE441E53}
	EndGlobalSection
EndGlobal
